<?xml version="1.0" encoding="utf-8"?>
<Project ToolsVersion="4.0" xmlns="http://schemas.microsoft.com/developer/msbuild/2003">
  <ItemGroup>
    <Filter Include="Source Files">
      <UniqueIdentifier>{4FC737F1-C7A5-4376-A066-2A32D752A2FF}</UniqueIdentifier>
      <Extensions>cpp;c;cc;cxx;def;odl;idl;hpj;bat;asm;asmx</Extensions>
    </Filter>
    <Filter Include="Header Files">
      <UniqueIdentifier>{93995380-89BD-4b04-88EB-625FBE52EBFB}</UniqueIdentifier>
      <Extensions>h;hpp;hxx;hm;inl;inc;xsd</Extensions>
    </Filter>
    <Filter Include="Resource Files">
      <UniqueIdentifier>{67DA6AB6-F800-4c08-8B7A-83BB121AAD01}</UniqueIdentifier>
      <Extensions>rc;ico;cur;bmp;dlg;rc2;rct;bin;rgs;gif;jpg;jpeg;jpe;resx;tiff;tif;png;wav;mfcribbon-ms</Extensions>
    </Filter>
  </ItemGroup>
  <ItemGroup>
    <ClCompile Include="Interface\Main.cpp">
      <Filter>Source Files</Filter>
    </ClCompile>
    <ClCompile Include="Communication\Security.cpp">
      <Filter>Source Files</Filter>
    </ClCompile>
    <ClCompile Include="Communication\UDPPRintfMain.cpp">
      <Filter>Source Files</Filter>
    </ClCompile>
    <ClCompile Include="Interface\Trace.cpp">
      <Filter>Source Files</Filter>
    </ClCompile>
    <ClCompile Include="Interface\Thread.cpp">
      <Filter>Source Files</Filter>
    </ClCompile>
    <ClCompile Include="Communication\UDP-Windows.cpp">
      <Filter>Source Files</Filter>
    </ClCompile>
    <ClCompile Include="Interface\wxImageWindow.cpp">
      <Filter>Source Files</Filter>
    </ClCompile>
    <ClCompile Include="Interface\wxInteractiveImage.cpp">
      <Filter>Source Files</Filter>
    </ClCompile>
    <ClCompile Include="Interface\Workarea.cpp">
      <Filter>Source Files</Filter>
    </ClCompile>
    <ClCompile Include="Interface\TraceScaling.cpp">
      <Filter>Source Files</Filter>
    </ClCompile>
    <ClCompile Include="Interface\wxStaticHeading.cpp">
      <Filter>Source Files</Filter>
    </ClCompile>
    <ClCompile Include="Interface\wxStaticTextImproved.cpp">
      <Filter>Source Files</Filter>
    </ClCompile>
    <ClCompile Include="Interface\Floats.cpp">
      <Filter>Source Files</Filter>
    </ClCompile>
    <ClCompile Include="Interface\Validation.cpp">
      <Filter>Source Files</Filter>
    </ClCompile>
    <ClCompile Include="Interface\View_ArrangeGraphs.cpp">
      <Filter>Source Files</Filter>
    </ClCompile>
    <ClCompile Include="Communication\IP-windows.cpp">
      <Filter>Source Files</Filter>
    </ClCompile>
    <ClCompile Include="Communication\IP.cpp">
      <Filter>Source Files</Filter>
    </ClCompile>
    <ClCompile Include="Interface\SystemSelect.cpp">
      <Filter>Source Files</Filter>
    </ClCompile>
    <ClCompile Include="Interface\AuxTrace.cpp">
      <Filter>Source Files</Filter>
    </ClCompile>
    <ClCompile Include="Interface\DerivedTraceHost.cpp">
      <Filter>Source Files</Filter>
    </ClCompile>
    <ClCompile Include="Maths\MetricCalculation.cpp">
      <Filter>Source Files</Filter>
    </ClCompile>
    <ClCompile Include="Interface\Masks.cpp">
      <Filter>Source Files</Filter>
    </ClCompile>
  </ItemGroup>
  <ItemGroup>
    <ClInclude Include="Interface\Main.h">
      <Filter>Header Files</Filter>
    </ClInclude>
    <ClInclude Include="resource.h">
      <Filter>Header Files</Filter>
    </ClInclude>
    <ClInclude Include="Communication\Security.h">
      <Filter>Header Files</Filter>
    </ClInclude>
    <ClInclude Include="Communication\UDPPrint.h">
      <Filter>Header Files</Filter>
    </ClInclude>
    <ClInclude Include="..\..\TargetApp\FloatCodec.h">
      <Filter>Header Files</Filter>
    </ClInclude>
    <ClInclude Include="..\..\TargetApp\ToPSyncInterfaceTypes.h">
      <Filter>Header Files</Filter>
    </ClInclude>
    <ClInclude Include="..\..\TargetApp\TransmissionProtocol.h">
      <Filter>Header Files</Filter>
    </ClInclude>
    <ClInclude Include="..\..\TargetApp\ToPSyncControlDriverCommonMessages.h">
      <Filter>Header Files</Filter>
    </ClInclude>
    <ClInclude Include="..\..\TargetApp\ToPSyncControlDriverMessages.h">
      <Filter>Header Files</Filter>
    </ClInclude>
    <ClInclude Include="..\..\Target\TEAFunctions.h">
      <Filter>Header Files</Filter>
    </ClInclude>
    <ClInclude Include="Interface\Trace.h">
      <Filter>Header Files</Filter>
    </ClInclude>
    <ClInclude Include="Interface\Macros.h">
      <Filter>Header Files</Filter>
    </ClInclude>
    <ClInclude Include="Interface\Thread.h">
      <Filter>Header Files</Filter>
    </ClInclude>
    <ClInclude Include="Communication\UDP.hpp">
      <Filter>Header Files</Filter>
    </ClInclude>
    <ClInclude Include="Interface\wxInteractiveImage.h">
      <Filter>Header Files</Filter>
    </ClInclude>
    <ClInclude Include="Interface\wxImageWindow.h">
      <Filter>Header Files</Filter>
    </ClInclude>
    <ClInclude Include="Resources\Images\images.h">
      <Filter>Header Files</Filter>
    </ClInclude>
    <ClInclude Include="version.h">
      <Filter>Header Files</Filter>
    </ClInclude>
    <ClInclude Include="Interface\Workarea.h">
      <Filter>Header Files</Filter>
    </ClInclude>
    <ClInclude Include="Interface\TraceScaling.h">
      <Filter>Header Files</Filter>
    </ClInclude>
    <ClInclude Include="Interface\wxStaticHeading.h">
      <Filter>Header Files</Filter>
    </ClInclude>
    <ClInclude Include="Interface\wxStaticTextImproved.h">
      <Filter>Header Files</Filter>
    </ClInclude>
    <ClInclude Include="Interface\Floats.h">
      <Filter>Header Files</Filter>
    </ClInclude>
    <ClInclude Include="Interface\Validation.h">
      <Filter>Header Files</Filter>
    </ClInclude>
    <ClInclude Include="..\..\TargetApp\IEEE1588Time.h">
      <Filter>Header Files</Filter>
    </ClInclude>
    <ClInclude Include="..\..\TargetApp\ReadWriteUtilities.h">
      <Filter>Header Files</Filter>
    </ClInclude>
    <ClInclude Include="Interface\View_ArrangeGraphs.h">
      <Filter>Header Files</Filter>
    </ClInclude>
    <ClInclude Include="Interface\Options.h">
      <Filter>Header Files</Filter>
    </ClInclude>
    <ClInclude Include="communication\ip.hpp">
      <Filter>Header Files</Filter>
    </ClInclude>
    <ClInclude Include="Interface\SystemSelect.h">
      <Filter>Header Files</Filter>
    </ClInclude>
    <ClInclude Include="Interface\AuxTrace.h">
      <Filter>Header Files</Filter>
    </ClInclude>
    <ClInclude Include="Interface\DerivedTraceHost.h">
      <Filter>Header Files</Filter>
    </ClInclude>
    <ClInclude Include="Maths\MetricCalculation.h">
      <Filter>Header Files</Filter>
    </ClInclude>
    <ClInclude Include="Interface\Masks.h">
      <Filter>Header Files</Filter>
    </ClInclude>
    <ClInclude Include="resource1.h">
      <Filter>Header Files</Filter>
    </ClInclude>
  </ItemGroup>
  <ItemGroup>
    <None Include="Resources\ToPTrace-1.ico">
      <Filter>Resource Files</Filter>
    </None>
    <None Include="Resources\ToPTrace-2.ico">
      <Filter>Resource Files</Filter>
    </None>
    <None Include="Resources\Semtech.ico">
      <Filter>Resource Files</Filter>
    </None>
  </ItemGroup>
  <ItemGroup>
    <ResourceCompile Include="ToPTrace.rc">
      <Filter>Resource Files</Filter>
    </ResourceCompile>
  </ItemGroup>
  <ItemGroup>
    <Library Include="DPTrace_external.lib">
      <Filter>Source Files</Filter>
    </Library>
  </ItemGroup>
</Project>